
Microsoft Visual Studio Solution File, Format Version 12.00
# Visual Studio 2013
VisualStudioVersion = 12.0.31101.0
MinimumVisualStudioVersion = 10.0.40219.1
Project("{3EF0E601-A88F-4504-97D7-836C4DAEC7E5}") = "Githubtest", "Githubtest\Githubtest.stproj", "{35BC11B7-9B8E-4884-8C98-D58D533DFE46}"
EndProject
Global
	GlobalSection(SolutionConfigurationPlatforms) = preSolution
		Debug|AnyCPU = Debug|AnyCPU
		Release|AnyCPU = Release|AnyCPU
	EndGlobalSection
	GlobalSection(ProjectConfigurationPlatforms) = postSolution
		{35BC11B7-9B8E-4884-8C98-D58D533DFE46}.Debug|AnyCPU.ActiveCfg = Debug|AnyCPU
		{35BC11B7-9B8E-4884-8C98-D58D533DFE46}.Debug|AnyCPU.Build.0 = Debug|AnyCPU
		{35BC11B7-9B8E-4884-8C98-D58D533DFE46}.Release|AnyCPU.ActiveCfg = Release|AnyCPU
		{35BC11B7-9B8E-4884-8C98-D58D533DFE46}.Release|AnyCPU.Build.0 = Release|AnyCPU
	EndGlobalSection
	GlobalSection(SolutionProperties) = preSolution
		HideSolutionNode = FALSE
	EndGlobalSection
EndGlobal
